# This file is autogenerated, do not edit; changes may be undone by the next 'dep ensure'.


[[projects]]
  name = "github.com/davecgh/go-spew"
  packages = ["spew"]
  revision = "346938d642f2ec3594ed81d874461961cd0faa76"
  version = "v1.1.0"

[[projects]]
  branch = "master"
  name = "github.com/dustin/go-broadcast"
  packages = ["."]
  revision = "f664265f5a662fb4d1df7f3533b1e8d0e0277120"

[[projects]]
  branch = "master"
  name = "github.com/gin-contrib/sse"
  packages = ["."]
  revision = "22d885f9ecc78bf4ee5d72b937e4bbcdc58e8cae"

[[projects]]
  branch = "master"
  name = "github.com/go-ego/autotls"
  packages = ["."]
  revision = "29d022a5385a89cb4c74e2bc2781eff4261f6b5c"

[[projects]]
  name = "github.com/golang/protobuf"
  packages = ["proto"]
  revision = "b4deda0973fb4c70b50d226b1af49f3da59f5265"
  version = "v1.1.0"

[[projects]]
  name = "github.com/json-iterator/go"
  packages = ["."]
  revision = "ca39e5af3ece67bbcda3d0f4f56a8e24d9f2dad4"
  version = "1.1.3"

[[projects]]
  branch = "master"
  name = "github.com/manucorporat/stats"
  packages = ["."]
  revision = "3ba42d56d227cf2a6086b63baba5e00669235853"

[[projects]]
  name = "github.com/mattn/go-isatty"
  packages = ["."]
  revision = "0360b2af4f38e8d38c7fce2a9f4e702702d73a39"
  version = "v0.0.3"

[[projects]]
  name = "github.com/modern-go/concurrent"
  packages = ["."]
  revision = "bacd9c7ef1dd9b15be4a9909b8ac7a4e313eec94"
  version = "1.0.3"

[[projects]]
  name = "github.com/modern-go/reflect2"
  packages = ["."]
  revision = "1df9eeb2bb81f327b96228865c5687bc2194af3f"
  version = "1.0.0"

[[projects]]
  name = "github.com/pmezard/go-difflib"
  packages = ["difflib"]
  revision = "792786c7400a136282c1664665ae0a8db921c6c2"
  version = "v1.0.0"

[[projects]]
  branch = "master"
  name = "github.com/pquerna/ffjson"
  packages = [
    "ffjson",
    "fflib/v1",
    "fflib/v1/internal"
  ]
  revision = "d49c2bc1aa135aad0c6f4fc2056623ec78f5d5ac"

[[projects]]
  name = "github.com/stretchr/testify"
  packages = ["assert"]
  revision = "f35b8ab0b5a2cef36673838d662e249dd9c94686"
  version = "v1.2.2"

[[projects]]
  name = "github.com/tdewolff/minify"
  packages = [
    ".",
    "css",
    "html",
    "js",
    "json",
    "svg",
    "xml"
  ]
  revision = "8d72a4127ae33b755e95bffede9b92e396267ce2"
  version = "v2.3.5"

[[projects]]
  name = "github.com/tdewolff/parse"
  packages = [
    ".",
    "buffer",
    "css",
    "html",
    "js",
    "json",
    "strconv",
    "svg",
    "xml"
  ]
  revision = "d739d6fccb0971177e06352fea02d3552625efb1"
  version = "v2.3.3"

[[projects]]
  name = "github.com/ugorji/go"
  packages = ["codec"]
  revision = "b4c50a2b199d93b13dc15e78929cfb23bfdf21ab"
  version = "v1.1.1"

[[projects]]
  branch = "master"
  name = "golang.org/x/crypto"
  packages = [
    "acme",
    "acme/autocert"
  ]
  revision = "027cca12c2d63e3d62b670d901e8a2c95854feec"

[[projects]]
  branch = "master"
  name = "golang.org/x/net"
  packages = ["context"]
  revision = "db08ff08e8622530d9ed3a0e8ac279f6d4c02196"

[[projects]]
  branch = "master"
  name = "golang.org/x/sync"
  packages = ["errgroup"]
  revision = "1d60e4601c6fd243af51cc01ddf169918a5407ca"

[[projects]]
  branch = "master"
  name = "golang.org/x/sys"
  packages = ["unix"]
  revision = "f24d3d461d02f3f840cb4ff4ae1c6b3dd9f93db9"

[[projects]]
  name = "gopkg.in/go-playground/validator.v8"
  packages = ["."]
  revision = "5f1438d3fca68893a817e4a66806cea46a9e4ebf"
  version = "v8.18.2"

[[projects]]
  name = "gopkg.in/yaml.v2"
  packages = ["."]
  revision = "5420a8b6744d3b0345ab293f6fcba19c978f1183"
  version = "v2.2.1"

[solve-meta]
  analyzer-name = "dep"
  analyzer-version = 1
  inputs-digest = "1e047a4ddc58874adab0270657c06faefebebe722850091010839497f138a8b3"
  solver-name = "gps-cdcl"
  solver-version = 1
